
Microsoft Visual Studio Solution File, Format Version 12.00
# Visual Studio Version 17
VisualStudioVersion = 17.0.31903.59
MinimumVisualStudioVersion = 10.0.40219.1
Project("{2150E333-8FDC-42A3-9474-1A3956D46DE8}") = "src", "src", "{827E0CD3-B72D-47B6-A68D-7590B98EB39B}"
EndProject
Project("{FAE04EC0-301F-11D3-BF4B-00C04F79EFBC}") = "ThriveERP.Domain", "src\ThriveERP.Domain\ThriveERP.Domain.csproj", "{B02443DC-E766-4B69-BBCA-B0612B196A1E}"
EndProject
Project("{FAE04EC0-301F-11D3-BF4B-00C04F79EFBC}") = "ThriveERP.Application", "src\ThriveERP.Application\ThriveERP.Application.csproj", "{773FF644-5A84-4C86-A601-CFBBC65EECC8}"
EndProject
Project("{FAE04EC0-301F-11D3-BF4B-00C04F79EFBC}") = "ThriveERP.Infrastructure", "src\ThriveERP.Infrastructure\ThriveERP.Infrastructure.csproj", "{A203704E-BDBF-483A-BBED-008AA15F6961}"
EndProject
Project("{FAE04EC0-301F-11D3-BF4B-00C04F79EFBC}") = "ThriveERP.Desktop", "src\ThriveERP.Desktop\ThriveERP.Desktop.csproj", "{C12F9B28-D418-4286-A3EA-0377BBE829B3}"
EndProject
Global
	GlobalSection(SolutionConfigurationPlatforms) = preSolution
		Debug|Any CPU = Debug|Any CPU
		Debug|x64 = Debug|x64
		Debug|x86 = Debug|x86
		Release|Any CPU = Release|Any CPU
		Release|x64 = Release|x64
		Release|x86 = Release|x86
	EndGlobalSection
	GlobalSection(ProjectConfigurationPlatforms) = postSolution
		{B02443DC-E766-4B69-BBCA-B0612B196A1E}.Debug|Any CPU.ActiveCfg = Debug|Any CPU
		{B02443DC-E766-4B69-BBCA-B0612B196A1E}.Debug|Any CPU.Build.0 = Debug|Any CPU
		{B02443DC-E766-4B69-BBCA-B0612B196A1E}.Debug|x64.ActiveCfg = Debug|Any CPU
		{B02443DC-E766-4B69-BBCA-B0612B196A1E}.Debug|x64.Build.0 = Debug|Any CPU
		{B02443DC-E766-4B69-BBCA-B0612B196A1E}.Debug|x86.ActiveCfg = Debug|Any CPU
		{B02443DC-E766-4B69-BBCA-B0612B196A1E}.Debug|x86.Build.0 = Debug|Any CPU
		{B02443DC-E766-4B69-BBCA-B0612B196A1E}.Release|Any CPU.ActiveCfg = Release|Any CPU
		{B02443DC-E766-4B69-BBCA-B0612B196A1E}.Release|Any CPU.Build.0 = Release|Any CPU
		{B02443DC-E766-4B69-BBCA-B0612B196A1E}.Release|x64.ActiveCfg = Release|Any CPU
		{B02443DC-E766-4B69-BBCA-B0612B196A1E}.Release|x64.Build.0 = Release|Any CPU
		{B02443DC-E766-4B69-BBCA-B0612B196A1E}.Release|x86.ActiveCfg = Release|Any CPU
		{B02443DC-E766-4B69-BBCA-B0612B196A1E}.Release|x86.Build.0 = Release|Any CPU
		{773FF644-5A84-4C86-A601-CFBBC65EECC8}.Debug|Any CPU.ActiveCfg = Debug|Any CPU
		{773FF644-5A84-4C86-A601-CFBBC65EECC8}.Debug|Any CPU.Build.0 = Debug|Any CPU
		{773FF644-5A84-4C86-A601-CFBBC65EECC8}.Debug|x64.ActiveCfg = Debug|Any CPU
		{773FF644-5A84-4C86-A601-CFBBC65EECC8}.Debug|x64.Build.0 = Debug|Any CPU
		{773FF644-5A84-4C86-A601-CFBBC65EECC8}.Debug|x86.ActiveCfg = Debug|Any CPU
		{773FF644-5A84-4C86-A601-CFBBC65EECC8}.Debug|x86.Build.0 = Debug|Any CPU
		{773FF644-5A84-4C86-A601-CFBBC65EECC8}.Release|Any CPU.ActiveCfg = Release|Any CPU
		{773FF644-5A84-4C86-A601-CFBBC65EECC8}.Release|Any CPU.Build.0 = Release|Any CPU
		{773FF644-5A84-4C86-A601-CFBBC65EECC8}.Release|x64.ActiveCfg = Release|Any CPU
		{773FF644-5A84-4C86-A601-CFBBC65EECC8}.Release|x64.Build.0 = Release|Any CPU
		{773FF644-5A84-4C86-A601-CFBBC65EECC8}.Release|x86.ActiveCfg = Release|Any CPU
		{773FF644-5A84-4C86-A601-CFBBC65EECC8}.Release|x86.Build.0 = Release|Any CPU
		{A203704E-BDBF-483A-BBED-008AA15F6961}.Debug|Any CPU.ActiveCfg = Debug|Any CPU
		{A203704E-BDBF-483A-BBED-008AA15F6961}.Debug|Any CPU.Build.0 = Debug|Any CPU
		{A203704E-BDBF-483A-BBED-008AA15F6961}.Debug|x64.ActiveCfg = Debug|Any CPU
		{A203704E-BDBF-483A-BBED-008AA15F6961}.Debug|x64.Build.0 = Debug|Any CPU
		{A203704E-BDBF-483A-BBED-008AA15F6961}.Debug|x86.ActiveCfg = Debug|Any CPU
		{A203704E-BDBF-483A-BBED-008AA15F6961}.Debug|x86.Build.0 = Debug|Any CPU
		{A203704E-BDBF-483A-BBED-008AA15F6961}.Release|Any CPU.ActiveCfg = Release|Any CPU
		{A203704E-BDBF-483A-BBED-008AA15F6961}.Release|Any CPU.Build.0 = Release|Any CPU
		{A203704E-BDBF-483A-BBED-008AA15F6961}.Release|x64.ActiveCfg = Release|Any CPU
		{A203704E-BDBF-483A-BBED-008AA15F6961}.Release|x64.Build.0 = Release|Any CPU
		{A203704E-BDBF-483A-BBED-008AA15F6961}.Release|x86.ActiveCfg = Release|Any CPU
		{A203704E-BDBF-483A-BBED-008AA15F6961}.Release|x86.Build.0 = Release|Any CPU
		{C12F9B28-D418-4286-A3EA-0377BBE829B3}.Debug|Any CPU.ActiveCfg = Debug|Any CPU
		{C12F9B28-D418-4286-A3EA-0377BBE829B3}.Debug|Any CPU.Build.0 = Debug|Any CPU
		{C12F9B28-D418-4286-A3EA-0377BBE829B3}.Debug|x64.ActiveCfg = Debug|Any CPU
		{C12F9B28-D418-4286-A3EA-0377BBE829B3}.Debug|x64.Build.0 = Debug|Any CPU
		{C12F9B28-D418-4286-A3EA-0377BBE829B3}.Debug|x86.ActiveCfg = Debug|Any CPU
		{C12F9B28-D418-4286-A3EA-0377BBE829B3}.Debug|x86.Build.0 = Debug|Any CPU
		{C12F9B28-D418-4286-A3EA-0377BBE829B3}.Release|Any CPU.ActiveCfg = Release|Any CPU
		{C12F9B28-D418-4286-A3EA-0377BBE829B3}.Release|Any CPU.Build.0 = Release|Any CPU
		{C12F9B28-D418-4286-A3EA-0377BBE829B3}.Release|x64.ActiveCfg = Release|Any CPU
		{C12F9B28-D418-4286-A3EA-0377BBE829B3}.Release|x64.Build.0 = Release|Any CPU
		{C12F9B28-D418-4286-A3EA-0377BBE829B3}.Release|x86.ActiveCfg = Release|Any CPU
		{C12F9B28-D418-4286-A3EA-0377BBE829B3}.Release|x86.Build.0 = Release|Any CPU
	EndGlobalSection
	GlobalSection(SolutionProperties) = preSolution
		HideSolutionNode = FALSE
	EndGlobalSection
	GlobalSection(NestedProjects) = preSolution
		{B02443DC-E766-4B69-BBCA-B0612B196A1E} = {827E0CD3-B72D-47B6-A68D-7590B98EB39B}
		{773FF644-5A84-4C86-A601-CFBBC65EECC8} = {827E0CD3-B72D-47B6-A68D-7590B98EB39B}
		{A203704E-BDBF-483A-BBED-008AA15F6961} = {827E0CD3-B72D-47B6-A68D-7590B98EB39B}
		{C12F9B28-D418-4286-A3EA-0377BBE829B3} = {827E0CD3-B72D-47B6-A68D-7590B98EB39B}
	EndGlobalSection
EndGlobal
